
Microsoft Visual Studio Solution File, Format Version 12.00
# Visual Studio Version 17
VisualStudioVersion = 17.7.34031.279
MinimumVisualStudioVersion = 10.0.40219.1
Project("{FAE04EC0-301F-11D3-BF4B-00C04F79EFBC}") = "StudentExerciseMVC", "StudentExerciseMVC\StudentExerciseMVC.csproj", "{D8B3BFE9-A8D5-4F8D-A97B-1D9A34F3033C}"
EndProject
Global
	GlobalSection(SolutionConfigurationPlatforms) = preSolution
		Debug|Any CPU = Debug|Any CPU
		Release|Any CPU = Release|Any CPU
	EndGlobalSection
	GlobalSection(ProjectConfigurationPlatforms) = postSolution
		{D8B3BFE9-A8D5-4F8D-A97B-1D9A34F3033C}.Debug|Any CPU.ActiveCfg = Debug|Any CPU
		{D8B3BFE9-A8D5-4F8D-A97B-1D9A34F3033C}.Debug|Any CPU.Build.0 = Debug|Any CPU
		{D8B3BFE9-A8D5-4F8D-A97B-1D9A34F3033C}.Release|Any CPU.ActiveCfg = Release|Any CPU
		{D8B3BFE9-A8D5-4F8D-A97B-1D9A34F3033C}.Release|Any CPU.Build.0 = Release|Any CPU
	EndGlobalSection
	GlobalSection(SolutionProperties) = preSolution
		HideSolutionNode = FALSE
	EndGlobalSection
	GlobalSection(ExtensibilityGlobals) = postSolution
		SolutionGuid = {D51066EA-A075-486A-AADD-666C80F64042}
	EndGlobalSection
EndGlobal
